
Microsoft Visual Studio Solution File, Format Version 12.00
# Visual Studio Version 17
VisualStudioVersion = 17.3.32804.467
MinimumVisualStudioVersion = 10.0.40219.1
Project("{9A19103F-16F7-4668-BE54-9A1E7A4F7556}") = "RV4US.API.RV.PROC.X.Unit.Tests", "RV4US.API.RV.PROC.X.Unit.Tests\RV4US.API.RV.PROC.X.Unit.Tests.csproj", "{6500BA8D-0367-4D1B-A7A4-61FC713C564A}"
EndProject
Project("{9A19103F-16F7-4668-BE54-9A1E7A4F7556}") = "RV4US.API.RV.PROC.Repository", "RV4US.API.RV.PROC.Repository\RV4US.API.RV.PROC.Repository.csproj", "{19294A30-ABCF-41F9-B92C-9E72A4AF54F7}"
EndProject
Global
	GlobalSection(SolutionConfigurationPlatforms) = preSolution
		Debug|Any CPU = Debug|Any CPU
		Debug|x64 = Debug|x64
		Release|Any CPU = Release|Any CPU
		Release|x64 = Release|x64
		YTGIPROD02|Any CPU = YTGIPROD02|Any CPU
		YTGIPROD02|x64 = YTGIPROD02|x64
		YTGITEST01|Any CPU = YTGITEST01|Any CPU
		YTGITEST01|x64 = YTGITEST01|x64
		YTGITEST02|Any CPU = YTGITEST02|Any CPU
		YTGITEST02|x64 = YTGITEST02|x64
	EndGlobalSection
	GlobalSection(ProjectConfigurationPlatforms) = postSolution
		{6500BA8D-0367-4D1B-A7A4-61FC713C564A}.Debug|Any CPU.ActiveCfg = Debug|Any CPU
		{6500BA8D-0367-4D1B-A7A4-61FC713C564A}.Debug|Any CPU.Build.0 = Debug|Any CPU
		{6500BA8D-0367-4D1B-A7A4-61FC713C564A}.Debug|x64.ActiveCfg = Debug|x64
		{6500BA8D-0367-4D1B-A7A4-61FC713C564A}.Debug|x64.Build.0 = Debug|x64
		{6500BA8D-0367-4D1B-A7A4-61FC713C564A}.Release|Any CPU.ActiveCfg = Release|Any CPU
		{6500BA8D-0367-4D1B-A7A4-61FC713C564A}.Release|Any CPU.Build.0 = Release|Any CPU
		{6500BA8D-0367-4D1B-A7A4-61FC713C564A}.Release|x64.ActiveCfg = Release|x64
		{6500BA8D-0367-4D1B-A7A4-61FC713C564A}.Release|x64.Build.0 = Release|x64
		{6500BA8D-0367-4D1B-A7A4-61FC713C564A}.YTGIPROD02|Any CPU.ActiveCfg = YTGIPROD02|Any CPU
		{6500BA8D-0367-4D1B-A7A4-61FC713C564A}.YTGIPROD02|Any CPU.Build.0 = YTGIPROD02|Any CPU
		{6500BA8D-0367-4D1B-A7A4-61FC713C564A}.YTGIPROD02|x64.ActiveCfg = YTGIPROD02|x64
		{6500BA8D-0367-4D1B-A7A4-61FC713C564A}.YTGIPROD02|x64.Build.0 = YTGIPROD02|x64
		{6500BA8D-0367-4D1B-A7A4-61FC713C564A}.YTGITEST01|Any CPU.ActiveCfg = YTGITEST01|Any CPU
		{6500BA8D-0367-4D1B-A7A4-61FC713C564A}.YTGITEST01|Any CPU.Build.0 = YTGITEST01|Any CPU
		{6500BA8D-0367-4D1B-A7A4-61FC713C564A}.YTGITEST01|x64.ActiveCfg = YTGITEST01|x64
		{6500BA8D-0367-4D1B-A7A4-61FC713C564A}.YTGITEST01|x64.Build.0 = YTGITEST01|x64
		{6500BA8D-0367-4D1B-A7A4-61FC713C564A}.YTGITEST02|Any CPU.ActiveCfg = YTGITEST02|Any CPU
		{6500BA8D-0367-4D1B-A7A4-61FC713C564A}.YTGITEST02|Any CPU.Build.0 = YTGITEST02|Any CPU
		{6500BA8D-0367-4D1B-A7A4-61FC713C564A}.YTGITEST02|x64.ActiveCfg = YTGITEST02|x64
		{6500BA8D-0367-4D1B-A7A4-61FC713C564A}.YTGITEST02|x64.Build.0 = YTGITEST02|x64
		{19294A30-ABCF-41F9-B92C-9E72A4AF54F7}.Debug|Any CPU.ActiveCfg = Debug|Any CPU
		{19294A30-ABCF-41F9-B92C-9E72A4AF54F7}.Debug|Any CPU.Build.0 = Debug|Any CPU
		{19294A30-ABCF-41F9-B92C-9E72A4AF54F7}.Debug|x64.ActiveCfg = Debug|x64
		{19294A30-ABCF-41F9-B92C-9E72A4AF54F7}.Debug|x64.Build.0 = Debug|x64
		{19294A30-ABCF-41F9-B92C-9E72A4AF54F7}.Release|Any CPU.ActiveCfg = Release|Any CPU
		{19294A30-ABCF-41F9-B92C-9E72A4AF54F7}.Release|Any CPU.Build.0 = Release|Any CPU
		{19294A30-ABCF-41F9-B92C-9E72A4AF54F7}.Release|x64.ActiveCfg = Release|x64
		{19294A30-ABCF-41F9-B92C-9E72A4AF54F7}.Release|x64.Build.0 = Release|x64
		{19294A30-ABCF-41F9-B92C-9E72A4AF54F7}.YTGIPROD02|Any CPU.ActiveCfg = YTGIPROD02|Any CPU
		{19294A30-ABCF-41F9-B92C-9E72A4AF54F7}.YTGIPROD02|Any CPU.Build.0 = YTGIPROD02|Any CPU
		{19294A30-ABCF-41F9-B92C-9E72A4AF54F7}.YTGIPROD02|x64.ActiveCfg = YTGIPROD02|x64
		{19294A30-ABCF-41F9-B92C-9E72A4AF54F7}.YTGIPROD02|x64.Build.0 = YTGIPROD02|x64
		{19294A30-ABCF-41F9-B92C-9E72A4AF54F7}.YTGITEST01|Any CPU.ActiveCfg = YTGITEST01|Any CPU
		{19294A30-ABCF-41F9-B92C-9E72A4AF54F7}.YTGITEST01|Any CPU.Build.0 = YTGITEST01|Any CPU
		{19294A30-ABCF-41F9-B92C-9E72A4AF54F7}.YTGITEST01|x64.ActiveCfg = YTGITEST01|x64
		{19294A30-ABCF-41F9-B92C-9E72A4AF54F7}.YTGITEST01|x64.Build.0 = YTGITEST01|x64
		{19294A30-ABCF-41F9-B92C-9E72A4AF54F7}.YTGITEST02|Any CPU.ActiveCfg = YTGITEST02|Any CPU
		{19294A30-ABCF-41F9-B92C-9E72A4AF54F7}.YTGITEST02|Any CPU.Build.0 = YTGITEST02|Any CPU
		{19294A30-ABCF-41F9-B92C-9E72A4AF54F7}.YTGITEST02|x64.ActiveCfg = YTGITEST02|x64
		{19294A30-ABCF-41F9-B92C-9E72A4AF54F7}.YTGITEST02|x64.Build.0 = YTGITEST02|x64
	EndGlobalSection
	GlobalSection(SolutionProperties) = preSolution
		HideSolutionNode = FALSE
	EndGlobalSection
	GlobalSection(ExtensibilityGlobals) = postSolution
		SolutionGuid = {28E26136-8E3E-4B24-BCED-4B1E9E065A80}
	EndGlobalSection
EndGlobal
